
Microsoft Visual Studio Solution File, Format Version 12.00
# Visual Studio Version 17
VisualStudioVersion = 17.0.31903.59
MinimumVisualStudioVersion = 10.0.40219.1
Project("{FAE04EC0-301F-11D3-BF4B-00C04F79EFBC}") = "API", "API\API.csproj", "{6DBB4454-0286-4BC5-B271-80FFACBA54FC}"
EndProject
Project("{FAE04EC0-301F-11D3-BF4B-00C04F79EFBC}") = "Core", "Core\Core.csproj", "{AF92E895-F48F-46D8-8F30-EC64EE6E5EFE}"
EndProject
Project("{FAE04EC0-301F-11D3-BF4B-00C04F79EFBC}") = "Infrastructure", "Infrastructure\Infrastructure.csproj", "{0DEFBDF9-1AE6-4AA0-B96A-EB250DA48BFE}"
EndProject
Global
	GlobalSection(SolutionConfigurationPlatforms) = preSolution
		Debug|Any CPU = Debug|Any CPU
		Release|Any CPU = Release|Any CPU
	EndGlobalSection
	GlobalSection(SolutionProperties) = preSolution
		HideSolutionNode = FALSE
	EndGlobalSection
	GlobalSection(ProjectConfigurationPlatforms) = postSolution
		{6DBB4454-0286-4BC5-B271-80FFACBA54FC}.Debug|Any CPU.ActiveCfg = Debug|Any CPU
		{6DBB4454-0286-4BC5-B271-80FFACBA54FC}.Debug|Any CPU.Build.0 = Debug|Any CPU
		{6DBB4454-0286-4BC5-B271-80FFACBA54FC}.Release|Any CPU.ActiveCfg = Release|Any CPU
		{6DBB4454-0286-4BC5-B271-80FFACBA54FC}.Release|Any CPU.Build.0 = Release|Any CPU
		{AF92E895-F48F-46D8-8F30-EC64EE6E5EFE}.Debug|Any CPU.ActiveCfg = Debug|Any CPU
		{AF92E895-F48F-46D8-8F30-EC64EE6E5EFE}.Debug|Any CPU.Build.0 = Debug|Any CPU
		{AF92E895-F48F-46D8-8F30-EC64EE6E5EFE}.Release|Any CPU.ActiveCfg = Release|Any CPU
		{AF92E895-F48F-46D8-8F30-EC64EE6E5EFE}.Release|Any CPU.Build.0 = Release|Any CPU
		{0DEFBDF9-1AE6-4AA0-B96A-EB250DA48BFE}.Debug|Any CPU.ActiveCfg = Debug|Any CPU
		{0DEFBDF9-1AE6-4AA0-B96A-EB250DA48BFE}.Debug|Any CPU.Build.0 = Debug|Any CPU
		{0DEFBDF9-1AE6-4AA0-B96A-EB250DA48BFE}.Release|Any CPU.ActiveCfg = Release|Any CPU
		{0DEFBDF9-1AE6-4AA0-B96A-EB250DA48BFE}.Release|Any CPU.Build.0 = Release|Any CPU
	EndGlobalSection
EndGlobal
